
Microsoft Visual Studio Solution File, Format Version 12.00
# Visual Studio Version 16
VisualStudioVersion = 16.0.31410.357
MinimumVisualStudioVersion = 10.0.40219.1
Project("{FAE04EC0-301F-11D3-BF4B-00C04F79EFBC}") = "CognitiveServices", "CognitiveServices\CognitiveServices.csproj", "{D2F8A003-A2B9-4476-85D2-276DCCCF55D8}"
EndProject
Global
	GlobalSection(SolutionConfigurationPlatforms) = preSolution
		Debug|Any CPU = Debug|Any CPU
		Release|Any CPU = Release|Any CPU
	EndGlobalSection
	GlobalSection(ProjectConfigurationPlatforms) = postSolution
		{D2F8A003-A2B9-4476-85D2-276DCCCF55D8}.Debug|Any CPU.ActiveCfg = Debug|Any CPU
		{D2F8A003-A2B9-4476-85D2-276DCCCF55D8}.Debug|Any CPU.Build.0 = Debug|Any CPU
		{D2F8A003-A2B9-4476-85D2-276DCCCF55D8}.Release|Any CPU.ActiveCfg = Release|Any CPU
		{D2F8A003-A2B9-4476-85D2-276DCCCF55D8}.Release|Any CPU.Build.0 = Release|Any CPU
	EndGlobalSection
	GlobalSection(SolutionProperties) = preSolution
		HideSolutionNode = FALSE
	EndGlobalSection
	GlobalSection(ExtensibilityGlobals) = postSolution
		SolutionGuid = {E1125A41-1808-4472-A5D8-E70E0F861218}
	EndGlobalSection
EndGlobal
